
Microsoft Visual Studio Solution File, Format Version 12.00
# Visual Studio Version 16
VisualStudioVersion = 16.0.29519.181
MinimumVisualStudioVersion = 10.0.40219.1
Project("{FAE04EC0-301F-11D3-BF4B-00C04F79EFBC}") = "AharHighLevel", "AharHighLevel.csproj", "{A1B14EE1-6A87-477F-8413-024CAD8F4396}"
EndProject
Global
	GlobalSection(SolutionConfigurationPlatforms) = preSolution
		Debug|Any CPU = Debug|Any CPU
		Release|Any CPU = Release|Any CPU
	EndGlobalSection
	GlobalSection(ProjectConfigurationPlatforms) = postSolution
		{A1B14EE1-6A87-477F-8413-024CAD8F4396}.Debug|Any CPU.ActiveCfg = Debug|Any CPU
		{A1B14EE1-6A87-477F-8413-024CAD8F4396}.Debug|Any CPU.Build.0 = Debug|Any CPU
		{A1B14EE1-6A87-477F-8413-024CAD8F4396}.Release|Any CPU.ActiveCfg = Release|Any CPU
		{A1B14EE1-6A87-477F-8413-024CAD8F4396}.Release|Any CPU.Build.0 = Release|Any CPU
	EndGlobalSection
	GlobalSection(SolutionProperties) = preSolution
		HideSolutionNode = FALSE
	EndGlobalSection
	GlobalSection(ExtensibilityGlobals) = postSolution
		SolutionGuid = {B66488D3-72C0-4D1C-9423-1EA9CA3EBF5D}
	EndGlobalSection
EndGlobal
